
Microsoft Visual Studio Solution File, Format Version 12.00
# Visual Studio Version 17
VisualStudioVersion = 17.3.32922.545
MinimumVisualStudioVersion = 10.0.40219.1
Project("{FAE04EC0-301F-11D3-BF4B-00C04F79EFBC}") = "TemplateWPF", "TemplateWPF\TemplateWPF.csproj", "{DD0BE672-ECF0-4D73-97F0-8C93E0A64791}"
EndProject
Global
	GlobalSection(SolutionConfigurationPlatforms) = preSolution
		Debug|Any CPU = Debug|Any CPU
		Release|Any CPU = Release|Any CPU
	EndGlobalSection
	GlobalSection(ProjectConfigurationPlatforms) = postSolution
		{DD0BE672-ECF0-4D73-97F0-8C93E0A64791}.Debug|Any CPU.ActiveCfg = Debug|Any CPU
		{DD0BE672-ECF0-4D73-97F0-8C93E0A64791}.Debug|Any CPU.Build.0 = Debug|Any CPU
		{DD0BE672-ECF0-4D73-97F0-8C93E0A64791}.Release|Any CPU.ActiveCfg = Release|Any CPU
		{DD0BE672-ECF0-4D73-97F0-8C93E0A64791}.Release|Any CPU.Build.0 = Release|Any CPU
	EndGlobalSection
	GlobalSection(SolutionProperties) = preSolution
		HideSolutionNode = FALSE
	EndGlobalSection
	GlobalSection(ExtensibilityGlobals) = postSolution
		SolutionGuid = {DB9902E5-89D9-4AC7-B0C7-BBFF67A70675}
	EndGlobalSection
EndGlobal
